// !$*UTF8*$!
{
	archiveVersion = 1;
	classes = {
	};
	objectVersion = 51;
	objects = {

/* Begin PBXBuildFile section */
		41852B01F61B5302FA578131 /* Pods_PipeLineChat.framework in Frameworks */ = {isa = PBXBuildFile; fileRef = CF836371B459504D6B93EED8 /* Pods_PipeLineChat.framework */; };
		F7B0787723194EC50087B4C0 /* AppDelegate.swift in Sources */ = {isa = PBXBuildFile; fileRef = F7B0787623194EC50087B4C0 /* AppDelegate.swift */; };
		F7B0787E23194EC70087B4C0 /* Assets.xcassets in Resources */ = {isa = PBXBuildFile; fileRef = F7B0787D23194EC70087B4C0 /* Assets.xcassets */; };
		F7B0788123194EC70087B4C0 /* LaunchScreen.storyboard in Resources */ = {isa = PBXBuildFile; fileRef = F7B0787F23194EC70087B4C0 /* LaunchScreen.storyboard */; };
		F7B0788A231952CB0087B4C0 /* UIColorExtension.swift in Sources */ = {isa = PBXBuildFile; fileRef = F7B07889231952CB0087B4C0 /* UIColorExtension.swift */; };
		F7B0788C231952EA0087B4C0 /* CATransitionExtension.swift in Sources */ = {isa = PBXBuildFile; fileRef = F7B0788B231952EA0087B4C0 /* CATransitionExtension.swift */; };
		F7B0788F2319534C0087B4C0 /* LoginController.swift in Sources */ = {isa = PBXBuildFile; fileRef = F7B0788E2319534C0087B4C0 /* LoginController.swift */; };
		F7B07891231968E50087B4C0 /* DeviceControl.swift in Sources */ = {isa = PBXBuildFile; fileRef = F7B07890231968E50087B4C0 /* DeviceControl.swift */; };
		F7B07893231982750087B4C0 /* GoogleService-Info.plist in Resources */ = {isa = PBXBuildFile; fileRef = F7B07892231982750087B4C0 /* GoogleService-Info.plist */; };
		F7E2DD4B2319876100395488 /* MessagesController.swift in Sources */ = {isa = PBXBuildFile; fileRef = F7E2DD4A2319876100395488 /* MessagesController.swift */; };
		F7E2DD4D23198B5C00395488 /* LoginController+handlers.swift in Sources */ = {isa = PBXBuildFile; fileRef = F7E2DD4C23198B5C00395488 /* LoginController+handlers.swift */; };
		F7E2DD4F23199EBB00395488 /* HideKeyboard.swift in Sources */ = {isa = PBXBuildFile; fileRef = F7E2DD4E23199EBB00395488 /* HideKeyboard.swift */; };
		F7E2DD512319E80A00395488 /* AuthErrorCode.swift in Sources */ = {isa = PBXBuildFile; fileRef = F7E2DD502319E80A00395488 /* AuthErrorCode.swift */; };
		F7E2DD53231A8A4600395488 /* NewMessageController.swift in Sources */ = {isa = PBXBuildFile; fileRef = F7E2DD52231A8A4600395488 /* NewMessageController.swift */; };
		F7E2DD56231A8D4B00395488 /* User.swift in Sources */ = {isa = PBXBuildFile; fileRef = F7E2DD55231A8D4B00395488 /* User.swift */; };
		F7E2DD58231A9A9500395488 /* ImageViewExtension.swift in Sources */ = {isa = PBXBuildFile; fileRef = F7E2DD57231A9A9500395488 /* ImageViewExtension.swift */; };
		F7E2DD5B231AC12900395488 /* UserCell.swift in Sources */ = {isa = PBXBuildFile; fileRef = F7E2DD5A231AC12900395488 /* UserCell.swift */; };
		F7E2DD5D231AC13600395488 /* ChatMessageCell.swift in Sources */ = {isa = PBXBuildFile; fileRef = F7E2DD5C231AC13600395488 /* ChatMessageCell.swift */; };
		F7E2DD5F231AC1EB00395488 /* Message.swift in Sources */ = {isa = PBXBuildFile; fileRef = F7E2DD5E231AC1EB00395488 /* Message.swift */; };
		F7E2DD61231AC20E00395488 /* ChatLogController.swift in Sources */ = {isa = PBXBuildFile; fileRef = F7E2DD60231AC20E00395488 /* ChatLogController.swift */; };
		F7E2DD66231C13EC00395488 /* MessagesController+handlers.swift in Sources */ = {isa = PBXBuildFile; fileRef = F7E2DD65231C13EC00395488 /* MessagesController+handlers.swift */; };
/* End PBXBuildFile section */

/* Begin PBXFileReference section */
		52929BF4A0441A49D18B02A5 /* Pods-PipeLineChat.release.xcconfig */ = {isa = PBXFileReference; includeInIndex = 1; lastKnownFileType = text.xcconfig; name = "Pods-PipeLineChat.release.xcconfig"; path = "Target Support Files/Pods-PipeLineChat/Pods-PipeLineChat.release.xcconfig"; sourceTree = "<group>"; };
		97ECCBA92373EF2EE0D4863B /* Pods-PipeLineChat.debug.xcconfig */ = {isa = PBXFileReference; includeInIndex = 1; lastKnownFileType = text.xcconfig; name = "Pods-PipeLineChat.debug.xcconfig"; path = "Target Support Files/Pods-PipeLineChat/Pods-PipeLineChat.debug.xcconfig"; sourceTree = "<group>"; };
		CF836371B459504D6B93EED8 /* Pods_PipeLineChat.framework */ = {isa = PBXFileReference; explicitFileType = wrapper.framework; includeInIndex = 0; path = Pods_PipeLineChat.framework; sourceTree = BUILT_PRODUCTS_DIR; };
		F7B0787323194EC50087B4C0 /* PipeLineChat.app */ = {isa = PBXFileReference; explicitFileType = wrapper.application; includeInIndex = 0; path = PipeLineChat.app; sourceTree = BUILT_PRODUCTS_DIR; };
		F7B0787623194EC50087B4C0 /* AppDelegate.swift */ = {isa = PBXFileReference; lastKnownFileType = sourcecode.swift; path = AppDelegate.swift; sourceTree = "<group>"; };
		F7B0787D23194EC70087B4C0 /* Assets.xcassets */ = {isa = PBXFileReference; lastKnownFileType = folder.assetcatalog; path = Assets.xcassets; sourceTree = "<group>"; };
		F7B0788023194EC70087B4C0 /* Base */ = {isa = PBXFileReference; lastKnownFileType = file.storyboard; name = Base; path = Base.lproj/LaunchScreen.storyboard; sourceTree = "<group>"; };
		F7B0788223194EC70087B4C0 /* Info.plist */ = {isa = PBXFileReference; lastKnownFileType = text.plist.xml; path = Info.plist; sourceTree = "<group>"; };
		F7B07889231952CB0087B4C0 /* UIColorExtension.swift */ = {isa = PBXFileReference; lastKnownFileType = sourcecode.swift; path = UIColorExtension.swift; sourceTree = "<group>"; };
		F7B0788B231952EA0087B4C0 /* CATransitionExtension.swift */ = {isa = PBXFileReference; lastKnownFileType = sourcecode.swift; path = CATransitionExtension.swift; sourceTree = "<group>"; };
		F7B0788E2319534C0087B4C0 /* LoginController.swift */ = {isa = PBXFileReference; lastKnownFileType = sourcecode.swift; path = LoginController.swift; sourceTree = "<group>"; };
		F7B07890231968E50087B4C0 /* DeviceControl.swift */ = {isa = PBXFileReference; lastKnownFileType = sourcecode.swift; path = DeviceControl.swift; sourceTree = "<group>"; };
		F7B07892231982750087B4C0 /* GoogleService-Info.plist */ = {isa = PBXFileReference; fileEncoding = 4; lastKnownFileType = text.plist.xml; path = "GoogleService-Info.plist"; sourceTree = "<group>"; };
		F7E2DD4A2319876100395488 /* MessagesController.swift */ = {isa = PBXFileReference; lastKnownFileType = sourcecode.swift; path = MessagesController.swift; sourceTree = "<group>"; };
		F7E2DD4C23198B5C00395488 /* LoginController+handlers.swift */ = {isa = PBXFileReference; lastKnownFileType = sourcecode.swift; path = "LoginController+handlers.swift"; sourceTree = "<group>"; };
		F7E2DD4E23199EBB00395488 /* HideKeyboard.swift */ = {isa = PBXFileReference; lastKnownFileType = sourcecode.swift; path = HideKeyboard.swift; sourceTree = "<group>"; };
		F7E2DD502319E80A00395488 /* AuthErrorCode.swift */ = {isa = PBXFileReference; lastKnownFileType = sourcecode.swift; path = AuthErrorCode.swift; sourceTree = "<group>"; };
		F7E2DD52231A8A4600395488 /* NewMessageController.swift */ = {isa = PBXFileReference; lastKnownFileType = sourcecode.swift; path = NewMessageController.swift; sourceTree = "<group>"; };
		F7E2DD55231A8D4B00395488 /* User.swift */ = {isa = PBXFileReference; lastKnownFileType = sourcecode.swift; path = User.swift; sourceTree = "<group>"; };
		F7E2DD57231A9A9500395488 /* ImageViewExtension.swift */ = {isa = PBXFileReference; lastKnownFileType = sourcecode.swift; path = ImageViewExtension.swift; sourceTree = "<group>"; };
		F7E2DD5A231AC12900395488 /* UserCell.swift */ = {isa = PBXFileReference; lastKnownFileType = sourcecode.swift; path = UserCell.swift; sourceTree = "<group>"; };
		F7E2DD5C231AC13600395488 /* ChatMessageCell.swift */ = {isa = PBXFileReference; lastKnownFileType = sourcecode.swift; path = ChatMessageCell.swift; sourceTree = "<group>"; };
		F7E2DD5E231AC1EB00395488 /* Message.swift */ = {isa = PBXFileReference; lastKnownFileType = sourcecode.swift; path = Message.swift; sourceTree = "<group>"; };
		F7E2DD60231AC20E00395488 /* ChatLogController.swift */ = {isa = PBXFileReference; lastKnownFileType = sourcecode.swift; path = ChatLogController.swift; sourceTree = "<group>"; };
		F7E2DD65231C13EC00395488 /* MessagesController+handlers.swift */ = {isa = PBXFileReference; lastKnownFileType = sourcecode.swift; path = "MessagesController+handlers.swift"; sourceTree = "<group>"; };
/* End PBXFileReference section */

/* Begin PBXFrameworksBuildPhase section */
		F7B0787023194EC50087B4C0 /* Frameworks */ = {
			isa = PBXFrameworksBuildPhase;
			buildActionMask = 2147483647;
			files = (
				41852B01F61B5302FA578131 /* Pods_PipeLineChat.framework in Frameworks */,
			);
			runOnlyForDeploymentPostprocessing = 0;
		};
/* End PBXFrameworksBuildPhase section */

/* Begin PBXGroup section */
		93F9392696DD823ABA4DB687 /* Frameworks */ = {
			isa = PBXGroup;
			children = (
				CF836371B459504D6B93EED8 /* Pods_PipeLineChat.framework */,
			);
			name = Frameworks;
			sourceTree = "<group>";
		};
		A6EC4ECFF2BF6E2036A80997 /* Pods */ = {
			isa = PBXGroup;
			children = (
				97ECCBA92373EF2EE0D4863B /* Pods-PipeLineChat.debug.xcconfig */,
				52929BF4A0441A49D18B02A5 /* Pods-PipeLineChat.release.xcconfig */,
			);
			path = Pods;
			sourceTree = "<group>";
		};
		F7B0786A23194EC50087B4C0 = {
			isa = PBXGroup;
			children = (
				F7B0787523194EC50087B4C0 /* PipeLineChat */,
				F7B0787423194EC50087B4C0 /* Products */,
				A6EC4ECFF2BF6E2036A80997 /* Pods */,
				93F9392696DD823ABA4DB687 /* Frameworks */,
			);
			sourceTree = "<group>";
		};
		F7B0787423194EC50087B4C0 /* Products */ = {
			isa = PBXGroup;
			children = (
				F7B0787323194EC50087B4C0 /* PipeLineChat.app */,
			);
			name = Products;
			sourceTree = "<group>";
		};
		F7B0787523194EC50087B4C0 /* PipeLineChat */ = {
			isa = PBXGroup;
			children = (
				F7E2DD59231AC11B00395488 /* View */,
				F7E2DD54231A8D3B00395488 /* Model */,
				F7B0788D2319533A0087B4C0 /* Controller */,
				F7B078882319525C0087B4C0 /* Extensions */,
				F7B0787623194EC50087B4C0 /* AppDelegate.swift */,
				F7B0787D23194EC70087B4C0 /* Assets.xcassets */,
				F7B0787F23194EC70087B4C0 /* LaunchScreen.storyboard */,
				F7B0788223194EC70087B4C0 /* Info.plist */,
				F7B07892231982750087B4C0 /* GoogleService-Info.plist */,
			);
			path = PipeLineChat;
			sourceTree = "<group>";
		};
		F7B078882319525C0087B4C0 /* Extensions */ = {
			isa = PBXGroup;
			children = (
				F7B07889231952CB0087B4C0 /* UIColorExtension.swift */,
				F7B0788B231952EA0087B4C0 /* CATransitionExtension.swift */,
				F7B07890231968E50087B4C0 /* DeviceControl.swift */,
				F7E2DD4E23199EBB00395488 /* HideKeyboard.swift */,
				F7E2DD502319E80A00395488 /* AuthErrorCode.swift */,
				F7E2DD57231A9A9500395488 /* ImageViewExtension.swift */,
			);
			path = Extensions;
			sourceTree = "<group>";
		};
		F7B0788D2319533A0087B4C0 /* Controller */ = {
			isa = PBXGroup;
			children = (
				F7B0788E2319534C0087B4C0 /* LoginController.swift */,
				F7E2DD4C23198B5C00395488 /* LoginController+handlers.swift */,
				F7E2DD4A2319876100395488 /* MessagesController.swift */,
				F7E2DD65231C13EC00395488 /* MessagesController+handlers.swift */,
				F7E2DD52231A8A4600395488 /* NewMessageController.swift */,
				F7E2DD60231AC20E00395488 /* ChatLogController.swift */,
			);
			path = Controller;
			sourceTree = "<group>";
		};
		F7E2DD54231A8D3B00395488 /* Model */ = {
			isa = PBXGroup;
			children = (
				F7E2DD55231A8D4B00395488 /* User.swift */,
				F7E2DD5E231AC1EB00395488 /* Message.swift */,
			);
			path = Model;
			sourceTree = "<group>";
		};
		F7E2DD59231AC11B00395488 /* View */ = {
			isa = PBXGroup;
			children = (
				F7E2DD5A231AC12900395488 /* UserCell.swift */,
				F7E2DD5C231AC13600395488 /* ChatMessageCell.swift */,
			);
			path = View;
			sourceTree = "<group>";
		};
/* End PBXGroup section */

/* Begin PBXNativeTarget section */
		F7B0787223194EC50087B4C0 /* PipeLineChat */ = {
			isa = PBXNativeTarget;
			buildConfigurationList = F7B0788523194EC70087B4C0 /* Build configuration list for PBXNativeTarget "PipeLineChat" */;
			buildPhases = (
				D502EF3ECED6DD08C5D34FC5 /* [CP] Check Pods Manifest.lock */,
				F7B0786F23194EC50087B4C0 /* Sources */,
				F7B0787023194EC50087B4C0 /* Frameworks */,
				F7B0787123194EC50087B4C0 /* Resources */,
				D113611DA9B82F43DABDB9EA /* [CP] Embed Pods Frameworks */,
			);
			buildRules = (
			);
			dependencies = (
			);
			name = PipeLineChat;
			productName = PipeLineChat;
			productReference = F7B0787323194EC50087B4C0 /* PipeLineChat.app */;
			productType = "com.apple.product-type.application";
		};
/* End PBXNativeTarget section */

/* Begin PBXProject section */
		F7B0786B23194EC50087B4C0 /* Project object */ = {
			isa = PBXProject;
			attributes = {
				LastSwiftUpdateCheck = 1030;
				LastUpgradeCheck = 1030;
				ORGANIZATIONNAME = "Tuncay Cansız";
				TargetAttributes = {
					F7B0787223194EC50087B4C0 = {
						CreatedOnToolsVersion = 10.3;
					};
				};
			};
			buildConfigurationList = F7B0786E23194EC50087B4C0 /* Build configuration list for PBXProject "PipeLineChat" */;
			compatibilityVersion = "Xcode 9.3";
			developmentRegion = en;
			hasScannedForEncodings = 0;
			knownRegions = (
				en,
				Base,
			);
			mainGroup = F7B0786A23194EC50087B4C0;
			productRefGroup = F7B0787423194EC50087B4C0 /* Products */;
			projectDirPath = "";
			projectRoot = "";
			targets = (
				F7B0787223194EC50087B4C0 /* PipeLineChat */,
			);
		};
/* End PBXProject section */

/* Begin PBXResourcesBuildPhase section */
		F7B0787123194EC50087B4C0 /* Resources */ = {
			isa = PBXResourcesBuildPhase;
			buildActionMask = 2147483647;
			files = (
				F7B0788123194EC70087B4C0 /* LaunchScreen.storyboard in Resources */,
				F7B0787E23194EC70087B4C0 /* Assets.xcassets in Resources */,
				F7B07893231982750087B4C0 /* GoogleService-Info.plist in Resources */,
			);
			runOnlyForDeploymentPostprocessing = 0;
		};
/* End PBXResourcesBuildPhase section */

/* Begin PBXShellScriptBuildPhase section */
		D113611DA9B82F43DABDB9EA /* [CP] Embed Pods Frameworks */ = {
			isa = PBXShellScriptBuildPhase;
			buildActionMask = 2147483647;
			files = (
			);
			inputFileListPaths = (
				"${PODS_ROOT}/Target Support Files/Pods-PipeLineChat/Pods-PipeLineChat-frameworks-${CONFIGURATION}-input-files.xcfilelist",
			);
			name = "[CP] Embed Pods Frameworks";
			outputFileListPaths = (
				"${PODS_ROOT}/Target Support Files/Pods-PipeLineChat/Pods-PipeLineChat-frameworks-${CONFIGURATION}-output-files.xcfilelist",
			);
			runOnlyForDeploymentPostprocessing = 0;
			shellPath = /bin/sh;
			shellScript = "\"${PODS_ROOT}/Target Support Files/Pods-PipeLineChat/Pods-PipeLineChat-frameworks.sh\"\n";
			showEnvVarsInLog = 0;
		};
		D502EF3ECED6DD08C5D34FC5 /* [CP] Check Pods Manifest.lock */ = {
			isa = PBXShellScriptBuildPhase;
			buildActionMask = 2147483647;
			files = (
			);
			inputFileListPaths = (
			);
			inputPaths = (
				"${PODS_PODFILE_DIR_PATH}/Podfile.lock",
				"${PODS_ROOT}/Manifest.lock",
			);
			name = "[CP] Check Pods Manifest.lock";
			outputFileListPaths = (
			);
			outputPaths = (
				"$(DERIVED_FILE_DIR)/Pods-PipeLineChat-checkManifestLockResult.txt",
			);
			runOnlyForDeploymentPostprocessing = 0;
			shellPath = /bin/sh;
			shellScript = "diff \"${PODS_PODFILE_DIR_PATH}/Podfile.lock\" \"${PODS_ROOT}/Manifest.lock\" > /dev/null\nif [ $? != 0 ] ; then\n    # print error to STDERR\n    echo \"error: The sandbox is not in sync with the Podfile.lock. Run 'pod install' or update your CocoaPods installation.\" >&2\n    exit 1\nfi\n# This output is used by Xcode 'outputs' to avoid re-running this script phase.\necho \"SUCCESS\" > \"${SCRIPT_OUTPUT_FILE_0}\"\n";
			showEnvVarsInLog = 0;
		};
/* End PBXShellScriptBuildPhase section */

/* Begin PBXSourcesBuildPhase section */
		F7B0786F23194EC50087B4C0 /* Sources */ = {
			isa = PBXSourcesBuildPhase;
			buildActionMask = 2147483647;
			files = (
				F7E2DD4F23199EBB00395488 /* HideKeyboard.swift in Sources */,
				F7E2DD5B231AC12900395488 /* UserCell.swift in Sources */,
				F7B0787723194EC50087B4C0 /* AppDelegate.swift in Sources */,
				F7E2DD512319E80A00395488 /* AuthErrorCode.swift in Sources */,
				F7B0788C231952EA0087B4C0 /* CATransitionExtension.swift in Sources */,
				F7E2DD5D231AC13600395488 /* ChatMessageCell.swift in Sources */,
				F7B0788A231952CB0087B4C0 /* UIColorExtension.swift in Sources */,
				F7B07891231968E50087B4C0 /* DeviceControl.swift in Sources */,
				F7E2DD61231AC20E00395488 /* ChatLogController.swift in Sources */,
				F7E2DD53231A8A4600395488 /* NewMessageController.swift in Sources */,
				F7E2DD4D23198B5C00395488 /* LoginController+handlers.swift in Sources */,
				F7B0788F2319534C0087B4C0 /* LoginController.swift in Sources */,
				F7E2DD4B2319876100395488 /* MessagesController.swift in Sources */,
				F7E2DD5F231AC1EB00395488 /* Message.swift in Sources */,
				F7E2DD58231A9A9500395488 /* ImageViewExtension.swift in Sources */,
				F7E2DD56231A8D4B00395488 /* User.swift in Sources */,
				F7E2DD66231C13EC00395488 /* MessagesController+handlers.swift in Sources */,
			);
			runOnlyForDeploymentPostprocessing = 0;
		};
/* End PBXSourcesBuildPhase section */

/* Begin PBXVariantGroup section */
		F7B0787F23194EC70087B4C0 /* LaunchScreen.storyboard */ = {
			isa = PBXVariantGroup;
			children = (
				F7B0788023194EC70087B4C0 /* Base */,
			);
			name = LaunchScreen.storyboard;
			sourceTree = "<group>";
		};
/* End PBXVariantGroup section */

/* Begin XCBuildConfiguration section */
		F7B0788323194EC70087B4C0 /* Debug */ = {
			isa = XCBuildConfiguration;
			buildSettings = {
				ALWAYS_SEARCH_USER_PATHS = NO;
				CLANG_ANALYZER_NONNULL = YES;
				CLANG_ANALYZER_NUMBER_OBJECT_CONVERSION = YES_AGGRESSIVE;
				CLANG_CXX_LANGUAGE_STANDARD = "gnu++14";
				CLANG_CXX_LIBRARY = "libc++";
				CLANG_ENABLE_MODULES = YES;
				CLANG_ENABLE_OBJC_ARC = YES;
				CLANG_ENABLE_OBJC_WEAK = YES;
				CLANG_WARN_BLOCK_CAPTURE_AUTORELEASING = YES;
				CLANG_WARN_BOOL_CONVERSION = YES;
				CLANG_WARN_COMMA = YES;
				CLANG_WARN_CONSTANT_CONVERSION = YES;
				CLANG_WARN_DEPRECATED_OBJC_IMPLEMENTATIONS = YES;
				CLANG_WARN_DIRECT_OBJC_ISA_USAGE = YES_ERROR;
				CLANG_WARN_DOCUMENTATION_COMMENTS = YES;
				CLANG_WARN_EMPTY_BODY = YES;
				CLANG_WARN_ENUM_CONVERSION = YES;
				CLANG_WARN_INFINITE_RECURSION = YES;
				CLANG_WARN_INT_CONVERSION = YES;
				CLANG_WARN_NON_LITERAL_NULL_CONVERSION = YES;
				CLANG_WARN_OBJC_IMPLICIT_RETAIN_SELF = YES;
				CLANG_WARN_OBJC_LITERAL_CONVERSION = YES;
				CLANG_WARN_OBJC_ROOT_CLASS = YES_ERROR;
				CLANG_WARN_RANGE_LOOP_ANALYSIS = YES;
				CLANG_WARN_STRICT_PROTOTYPES = YES;
				CLANG_WARN_SUSPICIOUS_MOVE = YES;
				CLANG_WARN_UNGUARDED_AVAILABILITY = YES_AGGRESSIVE;
				CLANG_WARN_UNREACHABLE_CODE = YES;
				CLANG_WARN__DUPLICATE_METHOD_MATCH = YES;
				CODE_SIGN_IDENTITY = "iPhone Developer";
				COPY_PHASE_STRIP = NO;
				DEBUG_INFORMATION_FORMAT = dwarf;
				ENABLE_STRICT_OBJC_MSGSEND = YES;
				ENABLE_TESTABILITY = YES;
				GCC_C_LANGUAGE_STANDARD = gnu11;
				GCC_DYNAMIC_NO_PIC = NO;
				GCC_NO_COMMON_BLOCKS = YES;
				GCC_OPTIMIZATION_LEVEL = 0;
				GCC_PREPROCESSOR_DEFINITIONS = (
					"DEBUG=1",
					"$(inherited)",
				);
				GCC_WARN_64_TO_32_BIT_CONVERSION = YES;
				GCC_WARN_ABOUT_RETURN_TYPE = YES_ERROR;
				GCC_WARN_UNDECLARED_SELECTOR = YES;
				GCC_WARN_UNINITIALIZED_AUTOS = YES_AGGRESSIVE;
				GCC_WARN_UNUSED_FUNCTION = YES;
				GCC_WARN_UNUSED_VARIABLE = YES;
				IPHONEOS_DEPLOYMENT_TARGET = 12.4;
				MTL_ENABLE_DEBUG_INFO = INCLUDE_SOURCE;
				MTL_FAST_MATH = YES;
				ONLY_ACTIVE_ARCH = YES;
				SDKROOT = iphoneos;
				SWIFT_ACTIVE_COMPILATION_CONDITIONS = DEBUG;
				SWIFT_OPTIMIZATION_LEVEL = "-Onone";
			};
			name = Debug;
		};
		F7B0788423194EC70087B4C0 /* Release */ = {
			isa = XCBuildConfiguration;
			buildSettings = {
				ALWAYS_SEARCH_USER_PATHS = NO;
				CLANG_ANALYZER_NONNULL = YES;
				CLANG_ANALYZER_NUMBER_OBJECT_CONVERSION = YES_AGGRESSIVE;
				CLANG_CXX_LANGUAGE_STANDARD = "gnu++14";
				CLANG_CXX_LIBRARY = "libc++";
				CLANG_ENABLE_MODULES = YES;
				CLANG_ENABLE_OBJC_ARC = YES;
				CLANG_ENABLE_OBJC_WEAK = YES;
				CLANG_WARN_BLOCK_CAPTURE_AUTORELEASING = YES;
				CLANG_WARN_BOOL_CONVERSION = YES;
				CLANG_WARN_COMMA = YES;
				CLANG_WARN_CONSTANT_CONVERSION = YES;
				CLANG_WARN_DEPRECATED_OBJC_IMPLEMENTATIONS = YES;
				CLANG_WARN_DIRECT_OBJC_ISA_USAGE = YES_ERROR;
				CLANG_WARN_DOCUMENTATION_COMMENTS = YES;
				CLANG_WARN_EMPTY_BODY = YES;
				CLANG_WARN_ENUM_CONVERSION = YES;
				CLANG_WARN_INFINITE_RECURSION = YES;
				CLANG_WARN_INT_CONVERSION = YES;
				CLANG_WARN_NON_LITERAL_NULL_CONVERSION = YES;
				CLANG_WARN_OBJC_IMPLICIT_RETAIN_SELF = YES;
				CLANG_WARN_OBJC_LITERAL_CONVERSION = YES;
				CLANG_WARN_OBJC_ROOT_CLASS = YES_ERROR;
				CLANG_WARN_RANGE_LOOP_ANALYSIS = YES;
				CLANG_WARN_STRICT_PROTOTYPES = YES;
				CLANG_WARN_SUSPICIOUS_MOVE = YES;
				CLANG_WARN_UNGUARDED_AVAILABILITY = YES_AGGRESSIVE;
				CLANG_WARN_UNREACHABLE_CODE = YES;
				CLANG_WARN__DUPLICATE_METHOD_MATCH = YES;
				CODE_SIGN_IDENTITY = "iPhone Developer";
				COPY_PHASE_STRIP = NO;
				DEBUG_INFORMATION_FORMAT = "dwarf-with-dsym";
				ENABLE_NS_ASSERTIONS = NO;
				ENABLE_STRICT_OBJC_MSGSEND = YES;
				GCC_C_LANGUAGE_STANDARD = gnu11;
				GCC_NO_COMMON_BLOCKS = YES;
				GCC_WARN_64_TO_32_BIT_CONVERSION = YES;
				GCC_WARN_ABOUT_RETURN_TYPE = YES_ERROR;
				GCC_WARN_UNDECLARED_SELECTOR = YES;
				GCC_WARN_UNINITIALIZED_AUTOS = YES_AGGRESSIVE;
				GCC_WARN_UNUSED_FUNCTION = YES;
				GCC_WARN_UNUSED_VARIABLE = YES;
				IPHONEOS_DEPLOYMENT_TARGET = 12.4;
				MTL_ENABLE_DEBUG_INFO = NO;
				MTL_FAST_MATH = YES;
				SDKROOT = iphoneos;
				SWIFT_COMPILATION_MODE = wholemodule;
				SWIFT_OPTIMIZATION_LEVEL = "-O";
				VALIDATE_PRODUCT = YES;
			};
			name = Release;
		};
		F7B0788623194EC70087B4C0 /* Debug */ = {
			isa = XCBuildConfiguration;
			baseConfigurationReference = 97ECCBA92373EF2EE0D4863B /* Pods-PipeLineChat.debug.xcconfig */;
			buildSettings = {
				ASSETCATALOG_COMPILER_APPICON_NAME = AppIcon;
				CODE_SIGN_STYLE = Automatic;
				DEVELOPMENT_TEAM = MQNE7QMQR5;
				INFOPLIST_FILE = PipeLineChat/Info.plist;
				LD_RUNPATH_SEARCH_PATHS = (
					"$(inherited)",
					"@executable_path/Frameworks",
				);
				PRODUCT_BUNDLE_IDENTIFIER = com.tuncaycansiz.PipeLineChat;
				PRODUCT_NAME = "$(TARGET_NAME)";
				SWIFT_VERSION = 5.0;
				TARGETED_DEVICE_FAMILY = "1,2";
			};
			name = Debug;
		};
		F7B0788723194EC70087B4C0 /* Release */ = {
			isa = XCBuildConfiguration;
			baseConfigurationReference = 52929BF4A0441A49D18B02A5 /* Pods-PipeLineChat.release.xcconfig */;
			buildSettings = {
				ASSETCATALOG_COMPILER_APPICON_NAME = AppIcon;
				CODE_SIGN_STYLE = Automatic;
				DEVELOPMENT_TEAM = MQNE7QMQR5;
				INFOPLIST_FILE = PipeLineChat/Info.plist;
				LD_RUNPATH_SEARCH_PATHS = (
					"$(inherited)",
					"@executable_path/Frameworks",
				);
				PRODUCT_BUNDLE_IDENTIFIER = com.tuncaycansiz.PipeLineChat;
				PRODUCT_NAME = "$(TARGET_NAME)";
				SWIFT_VERSION = 5.0;
				TARGETED_DEVICE_FAMILY = "1,2";
			};
			name = Release;
		};
/* End XCBuildConfiguration section */

/* Begin XCConfigurationList section */
		F7B0786E23194EC50087B4C0 /* Build configuration list for PBXProject "PipeLineChat" */ = {
			isa = XCConfigurationList;
			buildConfigurations = (
				F7B0788323194EC70087B4C0 /* Debug */,
				F7B0788423194EC70087B4C0 /* Release */,
			);
			defaultConfigurationIsVisible = 0;
			defaultConfigurationName = Release;
		};
		F7B0788523194EC70087B4C0 /* Build configuration list for PBXNativeTarget "PipeLineChat" */ = {
			isa = XCConfigurationList;
			buildConfigurations = (
				F7B0788623194EC70087B4C0 /* Debug */,
				F7B0788723194EC70087B4C0 /* Release */,
			);
			defaultConfigurationIsVisible = 0;
			defaultConfigurationName = Release;
		};
/* End XCConfigurationList section */
	};
	rootObject = F7B0786B23194EC50087B4C0 /* Project object */;
}
